
Microsoft Visual Studio Solution File, Format Version 12.00
# Visual Studio Version 16
VisualStudioVersion = 16.0.30717.126
MinimumVisualStudioVersion = 10.0.40219.1
Project("{FAE04EC0-301F-11D3-BF4B-00C04F79EFBC}") = "TI", "TI\TI.csproj", "{4E8F1893-A0BB-4F81-BDED-FA35E13FD454}"
EndProject
Global
	GlobalSection(SolutionConfigurationPlatforms) = preSolution
		Debug|Any CPU = Debug|Any CPU
		Release|Any CPU = Release|Any CPU
	EndGlobalSection
	GlobalSection(ProjectConfigurationPlatforms) = postSolution
		{4E8F1893-A0BB-4F81-BDED-FA35E13FD454}.Debug|Any CPU.ActiveCfg = Debug|Any CPU
		{4E8F1893-A0BB-4F81-BDED-FA35E13FD454}.Debug|Any CPU.Build.0 = Debug|Any CPU
		{4E8F1893-A0BB-4F81-BDED-FA35E13FD454}.Release|Any CPU.ActiveCfg = Release|Any CPU
		{4E8F1893-A0BB-4F81-BDED-FA35E13FD454}.Release|Any CPU.Build.0 = Release|Any CPU
	EndGlobalSection
	GlobalSection(SolutionProperties) = preSolution
		HideSolutionNode = FALSE
	EndGlobalSection
	GlobalSection(ExtensibilityGlobals) = postSolution
		SolutionGuid = {5FE004D4-867B-42A2-A277-E4DC40032D73}
	EndGlobalSection
EndGlobal
